{
  "version": 4,
  "terraform_version": "1.11.3",
  "serial": 28,
  "lineage": "9c863723-f7a8-49c4-9815-37598022f3c0",
  "outputs": {
    "backend_vm_name": {
      "value": "backend_vm",
      "type": "string"
    },
    "frontend_vm_name": {
      "value": "frontend_vm",
      "type": "string"
    }
  },
  "resources": [
    {
      "module": "module.compute",
      "mode": "managed",
      "type": "azurerm_linux_virtual_machine",
      "name": "vm",
      "provider": "provider[\"registry.terraform.io/hashicorp/azurerm\"]",
      "instances": [
        {
          "index_key": "CentralMonitoringVM",
          "schema_version": 0,
          "attributes": {
            "additional_capabilities": [],
            "admin_password": "P@ssword123!",
            "admin_ssh_key": [],
            "admin_username": "azureuser",
            "allow_extension_operations": true,
            "availability_set_id": "",
            "boot_diagnostics": [],
            "bypass_platform_safety_checks_on_user_schedule_enabled": false,
            "capacity_reservation_group_id": "",
            "computer_name": "CentralMonitoringVM",
            "custom_data": null,
            "dedicated_host_group_id": "",
            "dedicated_host_id": "",
            "disable_password_authentication": false,
            "disk_controller_type": "",
            "edge_zone": "",
            "encryption_at_host_enabled": false,
            "eviction_policy": "",
            "extensions_time_budget": "PT1H30M",
            "gallery_application": [],
            "id": "/subscriptions/e947b393-1d0f-4eb5-982d-d262872525ff/resourceGroups/app-rg1/providers/Microsoft.Compute/virtualMachines/CentralMonitoringVM",
            "identity": [],
            "license_type": "",
            "location": "southeastasia",
            "max_bid_price": -1,
            "name": "CentralMonitoringVM",
            "network_interface_ids": [
              "/subscriptions/e947b393-1d0f-4eb5-982d-d262872525ff/resourceGroups/app-rg1/providers/Microsoft.Network/networkInterfaces/CentralMonitoringVM-nic"
            ],
            "os_disk": [
              {
                "caching": "ReadWrite",
                "diff_disk_settings": [],
                "disk_encryption_set_id": "",
                "disk_size_gb": 30,
                "name": "CentralMonitoringVM_OsDisk_1_462d98c646d34276b036a2f01a05ace7",
                "secure_vm_disk_encryption_set_id": "",
                "security_encryption_type": "",
                "storage_account_type": "Standard_LRS",
                "write_accelerator_enabled": false
              }
            ],
            "os_image_notification": [],
            "patch_assessment_mode": "ImageDefault",
            "patch_mode": "ImageDefault",
            "plan": [],
            "platform_fault_domain": -1,
            "priority": "Regular",
            "private_ip_address": "10.0.2.5",
            "private_ip_addresses": [
              "10.0.2.5"
            ],
            "provision_vm_agent": true,
            "proximity_placement_group_id": "",
            "public_ip_address": "4.193.192.93",
            "public_ip_addresses": [
              "4.193.192.93"
            ],
            "reboot_setting": "",
            "resource_group_name": "app-rg1",
            "secret": [],
            "secure_boot_enabled": false,
            "size": "Standard_B1s",
            "source_image_id": "",
            "source_image_reference": [
              {
                "offer": "0001-com-ubuntu-server-jammy",
                "publisher": "Canonical",
                "sku": "22_04-lts",
                "version": "latest"
              }
            ],
            "tags": null,
            "termination_notification": null,
            "timeouts": null,
            "user_data": "",
            "virtual_machine_id": "16d8fa7a-68b2-4ba0-928e-fbe1d62c0c23",
            "virtual_machine_scale_set_id": "",
            "vm_agent_platform_updates_enabled": false,
            "vtpm_enabled": false,
            "zone": ""
          },
          "sensitive_attributes": [
            [
              {
                "type": "get_attr",
                "value": "custom_data"
              }
            ],
            [
              {
                "type": "get_attr",
                "value": "admin_password"
              }
            ]
          ],
          "private": "eyJlMmJmYjczMC1lY2FhLTExZTYtOGY4OC0zNDM2M2JjN2M0YzAiOnsiY3JlYXRlIjoyNzAwMDAwMDAwMDAwLCJkZWxldGUiOjI3MDAwMDAwMDAwMDAsInJlYWQiOjMwMDAwMDAwMDAwMCwidXBkYXRlIjoyNzAwMDAwMDAwMDAwfX0=",
          "dependencies": [
            "module.compute.azurerm_network_interface.nic",
            "module.compute.azurerm_public_ip.pip",
            "module.network.azurerm_subnet.backend",
            "module.network.azurerm_subnet.frontend",
            "module.network.azurerm_virtual_network.vnet",
            "module.rg.azurerm_resource_group.rg"
          ]
        },
        {
          "index_key": "backendvm",
          "schema_version": 0,
          "attributes": {
            "additional_capabilities": [],
            "admin_password": "P@ssword123!",
            "admin_ssh_key": [],
            "admin_username": "azureuser",
            "allow_extension_operations": true,
            "availability_set_id": "",
            "boot_diagnostics": [],
            "bypass_platform_safety_checks_on_user_schedule_enabled": false,
            "capacity_reservation_group_id": "",
            "computer_name": "backendvm",
            "custom_data": null,
            "dedicated_host_group_id": "",
            "dedicated_host_id": "",
            "disable_password_authentication": false,
            "disk_controller_type": "",
            "edge_zone": "",
            "encryption_at_host_enabled": false,
            "eviction_policy": "",
            "extensions_time_budget": "PT1H30M",
            "gallery_application": [],
            "id": "/subscriptions/e947b393-1d0f-4eb5-982d-d262872525ff/resourceGroups/app-rg1/providers/Microsoft.Compute/virtualMachines/backendvm",
            "identity": [],
            "license_type": "",
            "location": "southeastasia",
            "max_bid_price": -1,
            "name": "backendvm",
            "network_interface_ids": [
              "/subscriptions/e947b393-1d0f-4eb5-982d-d262872525ff/resourceGroups/app-rg1/providers/Microsoft.Network/networkInterfaces/backendvm-nic"
            ],
            "os_disk": [
              {
                "caching": "ReadWrite",
                "diff_disk_settings": [],
                "disk_encryption_set_id": "",
                "disk_size_gb": 30,
                "name": "backendvm_OsDisk_1_5fcbfe327c044f39a3930bed83208e94",
                "secure_vm_disk_encryption_set_id": "",
                "security_encryption_type": "",
                "storage_account_type": "Standard_LRS",
                "write_accelerator_enabled": false
              }
            ],
            "os_image_notification": [],
            "patch_assessment_mode": "ImageDefault",
            "patch_mode": "ImageDefault",
            "plan": [],
            "platform_fault_domain": -1,
            "priority": "Regular",
            "private_ip_address": "10.0.2.4",
            "private_ip_addresses": [
              "10.0.2.4"
            ],
            "provision_vm_agent": true,
            "proximity_placement_group_id": "",
            "public_ip_address": "4.194.2.210",
            "public_ip_addresses": [
              "4.194.2.210"
            ],
            "reboot_setting": "",
            "resource_group_name": "app-rg1",
            "secret": [],
            "secure_boot_enabled": false,
            "size": "Standard_B1s",
            "source_image_id": "",
            "source_image_reference": [
              {
                "offer": "0001-com-ubuntu-server-jammy",
                "publisher": "Canonical",
                "sku": "22_04-lts",
                "version": "latest"
              }
            ],
            "tags": {},
            "termination_notification": [],
            "timeouts": null,
            "user_data": "",
            "virtual_machine_id": "30a33bb3-b520-4e45-9263-329374789ea4",
            "virtual_machine_scale_set_id": "",
            "vm_agent_platform_updates_enabled": false,
            "vtpm_enabled": false,
            "zone": ""
          },
          "sensitive_attributes": [
            [
              {
                "type": "get_attr",
                "value": "admin_password"
              }
            ],
            [
              {
                "type": "get_attr",
                "value": "custom_data"
              }
            ]
          ],
          "private": "eyJlMmJmYjczMC1lY2FhLTExZTYtOGY4OC0zNDM2M2JjN2M0YzAiOnsiY3JlYXRlIjoyNzAwMDAwMDAwMDAwLCJkZWxldGUiOjI3MDAwMDAwMDAwMDAsInJlYWQiOjMwMDAwMDAwMDAwMCwidXBkYXRlIjoyNzAwMDAwMDAwMDAwfX0=",
          "dependencies": [
            "module.compute.azurerm_network_interface.nic",
            "module.compute.azurerm_public_ip.pip",
            "module.network.azurerm_subnet.backend",
            "module.network.azurerm_subnet.frontend",
            "module.network.azurerm_virtual_network.vnet",
            "module.rg.azurerm_resource_group.rg"
          ]
        },
        {
          "index_key": "frontendvm",
          "schema_version": 0,
          "attributes": {
            "additional_capabilities": [],
            "admin_password": "P@ssword123!",
            "admin_ssh_key": [],
            "admin_username": "azureuser",
            "allow_extension_operations": true,
            "availability_set_id": "",
            "boot_diagnostics": [],
            "bypass_platform_safety_checks_on_user_schedule_enabled": false,
            "capacity_reservation_group_id": "",
            "computer_name": "frontendvm",
            "custom_data": null,
            "dedicated_host_group_id": "",
            "dedicated_host_id": "",
            "disable_password_authentication": false,
            "disk_controller_type": "",
            "edge_zone": "",
            "encryption_at_host_enabled": false,
            "eviction_policy": "",
            "extensions_time_budget": "PT1H30M",
            "gallery_application": [],
            "id": "/subscriptions/e947b393-1d0f-4eb5-982d-d262872525ff/resourceGroups/app-rg1/providers/Microsoft.Compute/virtualMachines/frontendvm",
            "identity": [],
            "license_type": "",
            "location": "southeastasia",
            "max_bid_price": -1,
            "name": "frontendvm",
            "network_interface_ids": [
              "/subscriptions/e947b393-1d0f-4eb5-982d-d262872525ff/resourceGroups/app-rg1/providers/Microsoft.Network/networkInterfaces/frontendvm-nic"
            ],
            "os_disk": [
              {
                "caching": "ReadWrite",
                "diff_disk_settings": [],
                "disk_encryption_set_id": "",
                "disk_size_gb": 30,
                "name": "frontendvm_OsDisk_1_cc0a0872c5514b2ea497cb4116931636",
                "secure_vm_disk_encryption_set_id": "",
                "security_encryption_type": "",
                "storage_account_type": "Standard_LRS",
                "write_accelerator_enabled": false
              }
            ],
            "os_image_notification": [],
            "patch_assessment_mode": "ImageDefault",
            "patch_mode": "ImageDefault",
            "plan": [],
            "platform_fault_domain": -1,
            "priority": "Regular",
            "private_ip_address": "10.0.1.4",
            "private_ip_addresses": [
              "10.0.1.4"
            ],
            "provision_vm_agent": true,
            "proximity_placement_group_id": "",
            "public_ip_address": "20.191.143.96",
            "public_ip_addresses": [
              "20.191.143.96"
            ],
            "reboot_setting": "",
            "resource_group_name": "app-rg1",
            "secret": [],
            "secure_boot_enabled": false,
            "size": "Standard_B1s",
            "source_image_id": "",
            "source_image_reference": [
              {
                "offer": "0001-com-ubuntu-server-jammy",
                "publisher": "Canonical",
                "sku": "22_04-lts",
                "version": "latest"
              }
            ],
            "tags": {},
            "termination_notification": [],
            "timeouts": null,
            "user_data": "",
            "virtual_machine_id": "928e5156-eaf9-466f-b4ef-216e703a1d9b",
            "virtual_machine_scale_set_id": "",
            "vm_agent_platform_updates_enabled": false,
            "vtpm_enabled": false,
            "zone": ""
          },
          "sensitive_attributes": [
            [
              {
                "type": "get_attr",
                "value": "admin_password"
              }
            ],
            [
              {
                "type": "get_attr",
                "value": "custom_data"
              }
            ]
          ],
          "private": "eyJlMmJmYjczMC1lY2FhLTExZTYtOGY4OC0zNDM2M2JjN2M0YzAiOnsiY3JlYXRlIjoyNzAwMDAwMDAwMDAwLCJkZWxldGUiOjI3MDAwMDAwMDAwMDAsInJlYWQiOjMwMDAwMDAwMDAwMCwidXBkYXRlIjoyNzAwMDAwMDAwMDAwfX0=",
          "dependencies": [
            "module.compute.azurerm_network_interface.nic",
            "module.compute.azurerm_public_ip.pip",
            "module.network.azurerm_subnet.backend",
            "module.network.azurerm_subnet.frontend",
            "module.network.azurerm_virtual_network.vnet",
            "module.rg.azurerm_resource_group.rg"
          ]
        }
      ]
    },
    {
      "module": "module.compute",
      "mode": "managed",
      "type": "azurerm_network_interface",
      "name": "nic",
      "provider": "provider[\"registry.terraform.io/hashicorp/azurerm\"]",
      "instances": [
        {
          "index_key": "CentralMonitoringVM",
          "schema_version": 0,
          "attributes": {
            "accelerated_networking_enabled": false,
            "applied_dns_servers": [],
            "auxiliary_mode": "",
            "auxiliary_sku": "",
            "dns_servers": [],
            "edge_zone": "",
            "enable_accelerated_networking": false,
            "enable_ip_forwarding": false,
            "id": "/subscriptions/e947b393-1d0f-4eb5-982d-d262872525ff/resourceGroups/app-rg1/providers/Microsoft.Network/networkInterfaces/CentralMonitoringVM-nic",
            "internal_dns_name_label": "",
            "internal_domain_name_suffix": "ofawumwr4cnendhdjqfm4nimmc.ix.internal.cloudapp.net",
            "ip_configuration": [
              {
                "gateway_load_balancer_frontend_ip_configuration_id": "",
                "name": "ipconfig",
                "primary": true,
                "private_ip_address": "10.0.2.5",
                "private_ip_address_allocation": "Dynamic",
                "private_ip_address_version": "IPv4",
                "public_ip_address_id": "/subscriptions/e947b393-1d0f-4eb5-982d-d262872525ff/resourceGroups/app-rg1/providers/Microsoft.Network/publicIPAddresses/CentralMonitoringVM-pip",
                "subnet_id": "/subscriptions/e947b393-1d0f-4eb5-982d-d262872525ff/resourceGroups/app-rg1/providers/Microsoft.Network/virtualNetworks/three-tier-vnet/subnets/backend-subnet"
              }
            ],
            "ip_forwarding_enabled": false,
            "location": "southeastasia",
            "mac_address": "",
            "name": "CentralMonitoringVM-nic",
            "private_ip_address": "10.0.2.5",
            "private_ip_addresses": [
              "10.0.2.5"
            ],
            "resource_group_name": "app-rg1",
            "tags": null,
            "timeouts": null,
            "virtual_machine_id": ""
          },
          "sensitive_attributes": [],
          "private": "eyJlMmJmYjczMC1lY2FhLTExZTYtOGY4OC0zNDM2M2JjN2M0YzAiOnsiY3JlYXRlIjoxODAwMDAwMDAwMDAwLCJkZWxldGUiOjE4MDAwMDAwMDAwMDAsInJlYWQiOjMwMDAwMDAwMDAwMCwidXBkYXRlIjoxODAwMDAwMDAwMDAwfX0=",
          "dependencies": [
            "module.compute.azurerm_public_ip.pip",
            "module.network.azurerm_subnet.backend",
            "module.network.azurerm_subnet.frontend",
            "module.network.azurerm_virtual_network.vnet",
            "module.rg.azurerm_resource_group.rg"
          ]
        },
        {
          "index_key": "backendvm",
          "schema_version": 0,
          "attributes": {
            "accelerated_networking_enabled": false,
            "applied_dns_servers": [],
            "auxiliary_mode": "",
            "auxiliary_sku": "",
            "dns_servers": [],
            "edge_zone": "",
            "enable_accelerated_networking": false,
            "enable_ip_forwarding": false,
            "id": "/subscriptions/e947b393-1d0f-4eb5-982d-d262872525ff/resourceGroups/app-rg1/providers/Microsoft.Network/networkInterfaces/backendvm-nic",
            "internal_dns_name_label": "",
            "internal_domain_name_suffix": "ofawumwr4cnendhdjqfm4nimmc.ix.internal.cloudapp.net",
            "ip_configuration": [
              {
                "gateway_load_balancer_frontend_ip_configuration_id": "",
                "name": "ipconfig",
                "primary": true,
                "private_ip_address": "10.0.2.4",
                "private_ip_address_allocation": "Dynamic",
                "private_ip_address_version": "IPv4",
                "public_ip_address_id": "/subscriptions/e947b393-1d0f-4eb5-982d-d262872525ff/resourceGroups/app-rg1/providers/Microsoft.Network/publicIPAddresses/backendvm-pip",
                "subnet_id": "/subscriptions/e947b393-1d0f-4eb5-982d-d262872525ff/resourceGroups/app-rg1/providers/Microsoft.Network/virtualNetworks/three-tier-vnet/subnets/backend-subnet"
              }
            ],
            "ip_forwarding_enabled": false,
            "location": "southeastasia",
            "mac_address": "7C-ED-8D-E5-B1-3C",
            "name": "backendvm-nic",
            "private_ip_address": "10.0.2.4",
            "private_ip_addresses": [
              "10.0.2.4"
            ],
            "resource_group_name": "app-rg1",
            "tags": {},
            "timeouts": null,
            "virtual_machine_id": "/subscriptions/e947b393-1d0f-4eb5-982d-d262872525ff/resourceGroups/app-rg1/providers/Microsoft.Compute/virtualMachines/backendvm"
          },
          "sensitive_attributes": [],
          "private": "eyJlMmJmYjczMC1lY2FhLTExZTYtOGY4OC0zNDM2M2JjN2M0YzAiOnsiY3JlYXRlIjoxODAwMDAwMDAwMDAwLCJkZWxldGUiOjE4MDAwMDAwMDAwMDAsInJlYWQiOjMwMDAwMDAwMDAwMCwidXBkYXRlIjoxODAwMDAwMDAwMDAwfX0=",
          "dependencies": [
            "module.compute.azurerm_public_ip.pip",
            "module.network.azurerm_subnet.backend",
            "module.network.azurerm_subnet.frontend",
            "module.network.azurerm_virtual_network.vnet",
            "module.rg.azurerm_resource_group.rg"
          ]
        },
        {
          "index_key": "frontendvm",
          "schema_version": 0,
          "attributes": {
            "accelerated_networking_enabled": false,
            "applied_dns_servers": [],
            "auxiliary_mode": "",
            "auxiliary_sku": "",
            "dns_servers": [],
            "edge_zone": "",
            "enable_accelerated_networking": false,
            "enable_ip_forwarding": false,
            "id": "/subscriptions/e947b393-1d0f-4eb5-982d-d262872525ff/resourceGroups/app-rg1/providers/Microsoft.Network/networkInterfaces/frontendvm-nic",
            "internal_dns_name_label": "",
            "internal_domain_name_suffix": "ofawumwr4cnendhdjqfm4nimmc.ix.internal.cloudapp.net",
            "ip_configuration": [
              {
                "gateway_load_balancer_frontend_ip_configuration_id": "",
                "name": "ipconfig",
                "primary": true,
                "private_ip_address": "10.0.1.4",
                "private_ip_address_allocation": "Dynamic",
                "private_ip_address_version": "IPv4",
                "public_ip_address_id": "/subscriptions/e947b393-1d0f-4eb5-982d-d262872525ff/resourceGroups/app-rg1/providers/Microsoft.Network/publicIPAddresses/frontendvm-pip",
                "subnet_id": "/subscriptions/e947b393-1d0f-4eb5-982d-d262872525ff/resourceGroups/app-rg1/providers/Microsoft.Network/virtualNetworks/three-tier-vnet/subnets/frontend-subnet"
              }
            ],
            "ip_forwarding_enabled": false,
            "location": "southeastasia",
            "mac_address": "60-45-BD-1E-71-91",
            "name": "frontendvm-nic",
            "private_ip_address": "10.0.1.4",
            "private_ip_addresses": [
              "10.0.1.4"
            ],
            "resource_group_name": "app-rg1",
            "tags": {},
            "timeouts": null,
            "virtual_machine_id": "/subscriptions/e947b393-1d0f-4eb5-982d-d262872525ff/resourceGroups/app-rg1/providers/Microsoft.Compute/virtualMachines/frontendvm"
          },
          "sensitive_attributes": [],
          "private": "eyJlMmJmYjczMC1lY2FhLTExZTYtOGY4OC0zNDM2M2JjN2M0YzAiOnsiY3JlYXRlIjoxODAwMDAwMDAwMDAwLCJkZWxldGUiOjE4MDAwMDAwMDAwMDAsInJlYWQiOjMwMDAwMDAwMDAwMCwidXBkYXRlIjoxODAwMDAwMDAwMDAwfX0=",
          "dependencies": [
            "module.compute.azurerm_public_ip.pip",
            "module.network.azurerm_subnet.backend",
            "module.network.azurerm_subnet.frontend",
            "module.network.azurerm_virtual_network.vnet",
            "module.rg.azurerm_resource_group.rg"
          ]
        }
      ]
    },
    {
      "module": "module.compute",
      "mode": "managed",
      "type": "azurerm_network_interface_security_group_association",
      "name": "nic_nsg_assoc",
      "provider": "provider[\"registry.terraform.io/hashicorp/azurerm\"]",
      "instances": [
        {
          "index_key": "CentralMonitoringVM",
          "schema_version": 0,
          "attributes": {
            "id": "/subscriptions/e947b393-1d0f-4eb5-982d-d262872525ff/resourceGroups/app-rg1/providers/Microsoft.Network/networkInterfaces/CentralMonitoringVM-nic|/subscriptions/e947b393-1d0f-4eb5-982d-d262872525ff/resourceGroups/app-rg1/providers/Microsoft.Network/networkSecurityGroups/CentralMonitoringVM-nsg",
            "network_interface_id": "/subscriptions/e947b393-1d0f-4eb5-982d-d262872525ff/resourceGroups/app-rg1/providers/Microsoft.Network/networkInterfaces/CentralMonitoringVM-nic",
            "network_security_group_id": "/subscriptions/e947b393-1d0f-4eb5-982d-d262872525ff/resourceGroups/app-rg1/providers/Microsoft.Network/networkSecurityGroups/CentralMonitoringVM-nsg",
            "timeouts": null
          },
          "sensitive_attributes": [],
          "private": "eyJlMmJmYjczMC1lY2FhLTExZTYtOGY4OC0zNDM2M2JjN2M0YzAiOnsiY3JlYXRlIjoxODAwMDAwMDAwMDAwLCJkZWxldGUiOjE4MDAwMDAwMDAwMDAsInJlYWQiOjMwMDAwMDAwMDAwMH19",
          "dependencies": [
            "module.compute.azurerm_network_interface.nic",
            "module.compute.azurerm_network_security_group.vm_nsg",
            "module.compute.azurerm_public_ip.pip",
            "module.network.azurerm_subnet.backend",
            "module.network.azurerm_subnet.frontend",
            "module.network.azurerm_virtual_network.vnet",
            "module.rg.azurerm_resource_group.rg"
          ]
        },
        {
          "index_key": "backendvm",
          "schema_version": 0,
          "attributes": {
            "id": "/subscriptions/e947b393-1d0f-4eb5-982d-d262872525ff/resourceGroups/app-rg1/providers/Microsoft.Network/networkInterfaces/backendvm-nic|/subscriptions/e947b393-1d0f-4eb5-982d-d262872525ff/resourceGroups/app-rg1/providers/Microsoft.Network/networkSecurityGroups/backendvm-nsg",
            "network_interface_id": "/subscriptions/e947b393-1d0f-4eb5-982d-d262872525ff/resourceGroups/app-rg1/providers/Microsoft.Network/networkInterfaces/backendvm-nic",
            "network_security_group_id": "/subscriptions/e947b393-1d0f-4eb5-982d-d262872525ff/resourceGroups/app-rg1/providers/Microsoft.Network/networkSecurityGroups/backendvm-nsg",
            "timeouts": null
          },
          "sensitive_attributes": [],
          "private": "eyJlMmJmYjczMC1lY2FhLTExZTYtOGY4OC0zNDM2M2JjN2M0YzAiOnsiY3JlYXRlIjoxODAwMDAwMDAwMDAwLCJkZWxldGUiOjE4MDAwMDAwMDAwMDAsInJlYWQiOjMwMDAwMDAwMDAwMH19",
          "dependencies": [
            "module.compute.azurerm_network_interface.nic",
            "module.compute.azurerm_network_security_group.vm_nsg",
            "module.compute.azurerm_public_ip.pip",
            "module.network.azurerm_subnet.backend",
            "module.network.azurerm_subnet.frontend",
            "module.network.azurerm_virtual_network.vnet",
            "module.rg.azurerm_resource_group.rg"
          ]
        },
        {
          "index_key": "frontendvm",
          "schema_version": 0,
          "attributes": {
            "id": "/subscriptions/e947b393-1d0f-4eb5-982d-d262872525ff/resourceGroups/app-rg1/providers/Microsoft.Network/networkInterfaces/frontendvm-nic|/subscriptions/e947b393-1d0f-4eb5-982d-d262872525ff/resourceGroups/app-rg1/providers/Microsoft.Network/networkSecurityGroups/frontendvm-nsg",
            "network_interface_id": "/subscriptions/e947b393-1d0f-4eb5-982d-d262872525ff/resourceGroups/app-rg1/providers/Microsoft.Network/networkInterfaces/frontendvm-nic",
            "network_security_group_id": "/subscriptions/e947b393-1d0f-4eb5-982d-d262872525ff/resourceGroups/app-rg1/providers/Microsoft.Network/networkSecurityGroups/frontendvm-nsg",
            "timeouts": null
          },
          "sensitive_attributes": [],
          "private": "eyJlMmJmYjczMC1lY2FhLTExZTYtOGY4OC0zNDM2M2JjN2M0YzAiOnsiY3JlYXRlIjoxODAwMDAwMDAwMDAwLCJkZWxldGUiOjE4MDAwMDAwMDAwMDAsInJlYWQiOjMwMDAwMDAwMDAwMH19",
          "dependencies": [
            "module.compute.azurerm_network_interface.nic",
            "module.compute.azurerm_network_security_group.vm_nsg",
            "module.compute.azurerm_public_ip.pip",
            "module.network.azurerm_subnet.backend",
            "module.network.azurerm_subnet.frontend",
            "module.network.azurerm_virtual_network.vnet",
            "module.rg.azurerm_resource_group.rg"
          ]
        }
      ]
    },
    {
      "module": "module.compute",
      "mode": "managed",
      "type": "azurerm_network_security_group",
      "name": "vm_nsg",
      "provider": "provider[\"registry.terraform.io/hashicorp/azurerm\"]",
      "instances": [
        {
          "index_key": "CentralMonitoringVM",
          "schema_version": 0,
          "attributes": {
            "id": "/subscriptions/e947b393-1d0f-4eb5-982d-d262872525ff/resourceGroups/app-rg1/providers/Microsoft.Network/networkSecurityGroups/CentralMonitoringVM-nsg",
            "location": "southeastasia",
            "name": "CentralMonitoringVM-nsg",
            "resource_group_name": "app-rg1",
            "security_rule": [],
            "tags": null,
            "timeouts": null
          },
          "sensitive_attributes": [],
          "private": "eyJlMmJmYjczMC1lY2FhLTExZTYtOGY4OC0zNDM2M2JjN2M0YzAiOnsiY3JlYXRlIjoxODAwMDAwMDAwMDAwLCJkZWxldGUiOjE4MDAwMDAwMDAwMDAsInJlYWQiOjMwMDAwMDAwMDAwMCwidXBkYXRlIjoxODAwMDAwMDAwMDAwfX0=",
          "dependencies": [
            "module.network.azurerm_subnet.backend",
            "module.network.azurerm_subnet.frontend",
            "module.network.azurerm_virtual_network.vnet",
            "module.rg.azurerm_resource_group.rg"
          ]
        },
        {
          "index_key": "backendvm",
          "schema_version": 0,
          "attributes": {
            "id": "/subscriptions/e947b393-1d0f-4eb5-982d-d262872525ff/resourceGroups/app-rg1/providers/Microsoft.Network/networkSecurityGroups/backendvm-nsg",
            "location": "southeastasia",
            "name": "backendvm-nsg",
            "resource_group_name": "app-rg1",
            "security_rule": [
              {
                "access": "Allow",
                "description": "",
                "destination_address_prefix": "*",
                "destination_address_prefixes": [],
                "destination_application_security_group_ids": [],
                "destination_port_range": "22",
                "destination_port_ranges": [],
                "direction": "Inbound",
                "name": "Allow-SSH",
                "priority": 100,
                "protocol": "Tcp",
                "source_address_prefix": "*",
                "source_address_prefixes": [],
                "source_application_security_group_ids": [],
                "source_port_range": "*",
                "source_port_ranges": []
              }
            ],
            "tags": {},
            "timeouts": null
          },
          "sensitive_attributes": [],
          "private": "eyJlMmJmYjczMC1lY2FhLTExZTYtOGY4OC0zNDM2M2JjN2M0YzAiOnsiY3JlYXRlIjoxODAwMDAwMDAwMDAwLCJkZWxldGUiOjE4MDAwMDAwMDAwMDAsInJlYWQiOjMwMDAwMDAwMDAwMCwidXBkYXRlIjoxODAwMDAwMDAwMDAwfX0=",
          "dependencies": [
            "module.network.azurerm_subnet.backend",
            "module.network.azurerm_subnet.frontend",
            "module.network.azurerm_virtual_network.vnet",
            "module.rg.azurerm_resource_group.rg"
          ]
        },
        {
          "index_key": "frontendvm",
          "schema_version": 0,
          "attributes": {
            "id": "/subscriptions/e947b393-1d0f-4eb5-982d-d262872525ff/resourceGroups/app-rg1/providers/Microsoft.Network/networkSecurityGroups/frontendvm-nsg",
            "location": "southeastasia",
            "name": "frontendvm-nsg",
            "resource_group_name": "app-rg1",
            "security_rule": [
              {
                "access": "Allow",
                "description": "",
                "destination_address_prefix": "*",
                "destination_address_prefixes": [],
                "destination_application_security_group_ids": [],
                "destination_port_range": "22",
                "destination_port_ranges": [],
                "direction": "Inbound",
                "name": "Allow-SSH",
                "priority": 100,
                "protocol": "Tcp",
                "source_address_prefix": "*",
                "source_address_prefixes": [],
                "source_application_security_group_ids": [],
                "source_port_range": "*",
                "source_port_ranges": []
              }
            ],
            "tags": {},
            "timeouts": null
          },
          "sensitive_attributes": [],
          "private": "eyJlMmJmYjczMC1lY2FhLTExZTYtOGY4OC0zNDM2M2JjN2M0YzAiOnsiY3JlYXRlIjoxODAwMDAwMDAwMDAwLCJkZWxldGUiOjE4MDAwMDAwMDAwMDAsInJlYWQiOjMwMDAwMDAwMDAwMCwidXBkYXRlIjoxODAwMDAwMDAwMDAwfX0=",
          "dependencies": [
            "module.network.azurerm_subnet.backend",
            "module.network.azurerm_subnet.frontend",
            "module.network.azurerm_virtual_network.vnet",
            "module.rg.azurerm_resource_group.rg"
          ]
        }
      ]
    },
    {
      "module": "module.compute",
      "mode": "managed",
      "type": "azurerm_network_security_rule",
      "name": "ssh",
      "provider": "provider[\"registry.terraform.io/hashicorp/azurerm\"]",
      "instances": [
        {
          "index_key": "CentralMonitoringVM",
          "schema_version": 0,
          "attributes": {
            "access": "Allow",
            "description": "",
            "destination_address_prefix": "*",
            "destination_address_prefixes": null,
            "destination_application_security_group_ids": null,
            "destination_port_range": "22",
            "destination_port_ranges": null,
            "direction": "Inbound",
            "id": "/subscriptions/e947b393-1d0f-4eb5-982d-d262872525ff/resourceGroups/app-rg1/providers/Microsoft.Network/networkSecurityGroups/CentralMonitoringVM-nsg/securityRules/Allow-SSH",
            "name": "Allow-SSH",
            "network_security_group_name": "CentralMonitoringVM-nsg",
            "priority": 100,
            "protocol": "Tcp",
            "resource_group_name": "app-rg1",
            "source_address_prefix": "*",
            "source_address_prefixes": null,
            "source_application_security_group_ids": null,
            "source_port_range": "*",
            "source_port_ranges": null,
            "timeouts": null
          },
          "sensitive_attributes": [],
          "private": "eyJlMmJmYjczMC1lY2FhLTExZTYtOGY4OC0zNDM2M2JjN2M0YzAiOnsiY3JlYXRlIjoxODAwMDAwMDAwMDAwLCJkZWxldGUiOjE4MDAwMDAwMDAwMDAsInJlYWQiOjMwMDAwMDAwMDAwMCwidXBkYXRlIjoxODAwMDAwMDAwMDAwfX0=",
          "dependencies": [
            "module.compute.azurerm_network_security_group.vm_nsg",
            "module.network.azurerm_subnet.backend",
            "module.network.azurerm_subnet.frontend",
            "module.network.azurerm_virtual_network.vnet",
            "module.rg.azurerm_resource_group.rg"
          ]
        },
        {
          "index_key": "backendvm",
          "schema_version": 0,
          "attributes": {
            "access": "Allow",
            "description": "",
            "destination_address_prefix": "*",
            "destination_address_prefixes": [],
            "destination_application_security_group_ids": [],
            "destination_port_range": "22",
            "destination_port_ranges": [],
            "direction": "Inbound",
            "id": "/subscriptions/e947b393-1d0f-4eb5-982d-d262872525ff/resourceGroups/app-rg1/providers/Microsoft.Network/networkSecurityGroups/backendvm-nsg/securityRules/Allow-SSH",
            "name": "Allow-SSH",
            "network_security_group_name": "backendvm-nsg",
            "priority": 100,
            "protocol": "Tcp",
            "resource_group_name": "app-rg1",
            "source_address_prefix": "*",
            "source_address_prefixes": [],
            "source_application_security_group_ids": [],
            "source_port_range": "*",
            "source_port_ranges": [],
            "timeouts": null
          },
          "sensitive_attributes": [],
          "private": "eyJlMmJmYjczMC1lY2FhLTExZTYtOGY4OC0zNDM2M2JjN2M0YzAiOnsiY3JlYXRlIjoxODAwMDAwMDAwMDAwLCJkZWxldGUiOjE4MDAwMDAwMDAwMDAsInJlYWQiOjMwMDAwMDAwMDAwMCwidXBkYXRlIjoxODAwMDAwMDAwMDAwfX0=",
          "dependencies": [
            "module.compute.azurerm_network_security_group.vm_nsg",
            "module.network.azurerm_subnet.backend",
            "module.network.azurerm_subnet.frontend",
            "module.network.azurerm_virtual_network.vnet",
            "module.rg.azurerm_resource_group.rg"
          ]
        },
        {
          "index_key": "frontendvm",
          "schema_version": 0,
          "attributes": {
            "access": "Allow",
            "description": "",
            "destination_address_prefix": "*",
            "destination_address_prefixes": [],
            "destination_application_security_group_ids": [],
            "destination_port_range": "22",
            "destination_port_ranges": [],
            "direction": "Inbound",
            "id": "/subscriptions/e947b393-1d0f-4eb5-982d-d262872525ff/resourceGroups/app-rg1/providers/Microsoft.Network/networkSecurityGroups/frontendvm-nsg/securityRules/Allow-SSH",
            "name": "Allow-SSH",
            "network_security_group_name": "frontendvm-nsg",
            "priority": 100,
            "protocol": "Tcp",
            "resource_group_name": "app-rg1",
            "source_address_prefix": "*",
            "source_address_prefixes": [],
            "source_application_security_group_ids": [],
            "source_port_range": "*",
            "source_port_ranges": [],
            "timeouts": null
          },
          "sensitive_attributes": [],
          "private": "eyJlMmJmYjczMC1lY2FhLTExZTYtOGY4OC0zNDM2M2JjN2M0YzAiOnsiY3JlYXRlIjoxODAwMDAwMDAwMDAwLCJkZWxldGUiOjE4MDAwMDAwMDAwMDAsInJlYWQiOjMwMDAwMDAwMDAwMCwidXBkYXRlIjoxODAwMDAwMDAwMDAwfX0=",
          "dependencies": [
            "module.compute.azurerm_network_security_group.vm_nsg",
            "module.network.azurerm_subnet.backend",
            "module.network.azurerm_subnet.frontend",
            "module.network.azurerm_virtual_network.vnet",
            "module.rg.azurerm_resource_group.rg"
          ]
        }
      ]
    },
    {
      "module": "module.compute",
      "mode": "managed",
      "type": "azurerm_public_ip",
      "name": "pip",
      "provider": "provider[\"registry.terraform.io/hashicorp/azurerm\"]",
      "instances": [
        {
          "index_key": "CentralMonitoringVM",
          "schema_version": 0,
          "attributes": {
            "allocation_method": "Static",
            "ddos_protection_mode": "VirtualNetworkInherited",
            "ddos_protection_plan_id": null,
            "domain_name_label": null,
            "edge_zone": "",
            "fqdn": null,
            "id": "/subscriptions/e947b393-1d0f-4eb5-982d-d262872525ff/resourceGroups/app-rg1/providers/Microsoft.Network/publicIPAddresses/CentralMonitoringVM-pip",
            "idle_timeout_in_minutes": 4,
            "ip_address": "4.193.192.93",
            "ip_tags": null,
            "ip_version": "IPv4",
            "location": "southeastasia",
            "name": "CentralMonitoringVM-pip",
            "public_ip_prefix_id": null,
            "resource_group_name": "app-rg1",
            "reverse_fqdn": null,
            "sku": "Standard",
            "sku_tier": "Regional",
            "tags": null,
            "timeouts": null,
            "zones": null
          },
          "sensitive_attributes": [],
          "private": "eyJlMmJmYjczMC1lY2FhLTExZTYtOGY4OC0zNDM2M2JjN2M0YzAiOnsiY3JlYXRlIjoxODAwMDAwMDAwMDAwLCJkZWxldGUiOjE4MDAwMDAwMDAwMDAsInJlYWQiOjMwMDAwMDAwMDAwMCwidXBkYXRlIjoxODAwMDAwMDAwMDAwfX0=",
          "dependencies": [
            "module.network.azurerm_subnet.backend",
            "module.network.azurerm_subnet.frontend",
            "module.network.azurerm_virtual_network.vnet",
            "module.rg.azurerm_resource_group.rg"
          ]
        },
        {
          "index_key": "backendvm",
          "schema_version": 0,
          "attributes": {
            "allocation_method": "Static",
            "ddos_protection_mode": "VirtualNetworkInherited",
            "ddos_protection_plan_id": null,
            "domain_name_label": null,
            "edge_zone": "",
            "fqdn": null,
            "id": "/subscriptions/e947b393-1d0f-4eb5-982d-d262872525ff/resourceGroups/app-rg1/providers/Microsoft.Network/publicIPAddresses/backendvm-pip",
            "idle_timeout_in_minutes": 4,
            "ip_address": "4.194.2.210",
            "ip_tags": {},
            "ip_version": "IPv4",
            "location": "southeastasia",
            "name": "backendvm-pip",
            "public_ip_prefix_id": null,
            "resource_group_name": "app-rg1",
            "reverse_fqdn": null,
            "sku": "Standard",
            "sku_tier": "Regional",
            "tags": {},
            "timeouts": null,
            "zones": []
          },
          "sensitive_attributes": [],
          "private": "eyJlMmJmYjczMC1lY2FhLTExZTYtOGY4OC0zNDM2M2JjN2M0YzAiOnsiY3JlYXRlIjoxODAwMDAwMDAwMDAwLCJkZWxldGUiOjE4MDAwMDAwMDAwMDAsInJlYWQiOjMwMDAwMDAwMDAwMCwidXBkYXRlIjoxODAwMDAwMDAwMDAwfX0=",
          "dependencies": [
            "module.network.azurerm_subnet.backend",
            "module.network.azurerm_subnet.frontend",
            "module.network.azurerm_virtual_network.vnet",
            "module.rg.azurerm_resource_group.rg"
          ]
        },
        {
          "index_key": "frontendvm",
          "schema_version": 0,
          "attributes": {
            "allocation_method": "Static",
            "ddos_protection_mode": "VirtualNetworkInherited",
            "ddos_protection_plan_id": null,
            "domain_name_label": null,
            "edge_zone": "",
            "fqdn": null,
            "id": "/subscriptions/e947b393-1d0f-4eb5-982d-d262872525ff/resourceGroups/app-rg1/providers/Microsoft.Network/publicIPAddresses/frontendvm-pip",
            "idle_timeout_in_minutes": 4,
            "ip_address": "20.191.143.96",
            "ip_tags": {},
            "ip_version": "IPv4",
            "location": "southeastasia",
            "name": "frontendvm-pip",
            "public_ip_prefix_id": null,
            "resource_group_name": "app-rg1",
            "reverse_fqdn": null,
            "sku": "Standard",
            "sku_tier": "Regional",
            "tags": {},
            "timeouts": null,
            "zones": []
          },
          "sensitive_attributes": [],
          "private": "eyJlMmJmYjczMC1lY2FhLTExZTYtOGY4OC0zNDM2M2JjN2M0YzAiOnsiY3JlYXRlIjoxODAwMDAwMDAwMDAwLCJkZWxldGUiOjE4MDAwMDAwMDAwMDAsInJlYWQiOjMwMDAwMDAwMDAwMCwidXBkYXRlIjoxODAwMDAwMDAwMDAwfX0=",
          "dependencies": [
            "module.network.azurerm_subnet.backend",
            "module.network.azurerm_subnet.frontend",
            "module.network.azurerm_virtual_network.vnet",
            "module.rg.azurerm_resource_group.rg"
          ]
        }
      ]
    },
    {
      "module": "module.database",
      "mode": "managed",
      "type": "azurerm_mssql_database",
      "name": "sql_database",
      "provider": "provider[\"registry.terraform.io/hashicorp/azurerm\"]",
      "instances": [
        {
          "schema_version": 1,
          "attributes": {
            "auto_pause_delay_in_minutes": 0,
            "collation": "SQL_Latin1_General_CP1_CI_AS",
            "create_mode": "Default",
            "creation_source_database_id": null,
            "elastic_pool_id": "",
            "enclave_type": "",
            "geo_backup_enabled": true,
            "id": "/subscriptions/e947b393-1d0f-4eb5-982d-d262872525ff/resourceGroups/app-rg1/providers/Microsoft.Sql/servers/sql-server-app/databases/sql-db-app",
            "identity": [],
            "import": [],
            "ledger_enabled": false,
            "license_type": "",
            "long_term_retention_policy": [
              {
                "immutable_backups_enabled": false,
                "monthly_retention": "PT0S",
                "week_of_year": 1,
                "weekly_retention": "PT0S",
                "yearly_retention": "PT0S"
              }
            ],
            "maintenance_configuration_name": "SQL_Default",
            "max_size_gb": 2,
            "min_capacity": 0,
            "name": "sql-db-app",
            "read_replica_count": 0,
            "read_scale": false,
            "recover_database_id": null,
            "recovery_point_id": null,
            "restore_dropped_database_id": null,
            "restore_long_term_retention_backup_id": null,
            "restore_point_in_time": null,
            "sample_name": null,
            "secondary_type": "",
            "server_id": "/subscriptions/e947b393-1d0f-4eb5-982d-d262872525ff/resourceGroups/app-rg1/providers/Microsoft.Sql/servers/sql-server-app",
            "short_term_retention_policy": [
              {
                "backup_interval_in_hours": 24,
                "retention_days": 7
              }
            ],
            "sku_name": "Basic",
            "storage_account_type": "Geo",
            "tags": {},
            "threat_detection_policy": [
              {
                "disabled_alerts": [],
                "email_account_admins": "Disabled",
                "email_addresses": [],
                "retention_days": 0,
                "state": "Disabled",
                "storage_account_access_key": "",
                "storage_endpoint": ""
              }
            ],
            "timeouts": null,
            "transparent_data_encryption_enabled": true,
            "transparent_data_encryption_key_automatic_rotation_enabled": false,
            "transparent_data_encryption_key_vault_key_id": "",
            "zone_redundant": false
          },
          "sensitive_attributes": [
            [
              {
                "type": "get_attr",
                "value": "threat_detection_policy"
              },
              {
                "type": "index",
                "value": {
                  "value": 0,
                  "type": "number"
                }
              },
              {
                "type": "get_attr",
                "value": "storage_account_access_key"
              }
            ]
          ],
          "private": "eyJlMmJmYjczMC1lY2FhLTExZTYtOGY4OC0zNDM2M2JjN2M0YzAiOnsiY3JlYXRlIjozNjAwMDAwMDAwMDAwLCJkZWxldGUiOjM2MDAwMDAwMDAwMDAsInJlYWQiOjMwMDAwMDAwMDAwMCwidXBkYXRlIjozNjAwMDAwMDAwMDAwfSwic2NoZW1hX3ZlcnNpb24iOiIxIn0=",
          "dependencies": [
            "module.compute.azurerm_linux_virtual_machine.vm",
            "module.compute.azurerm_network_interface.nic",
            "module.compute.azurerm_network_interface_security_group_association.nic_nsg_assoc",
            "module.compute.azurerm_network_security_group.vm_nsg",
            "module.compute.azurerm_network_security_rule.ssh",
            "module.compute.azurerm_public_ip.pip",
            "module.database.azurerm_mssql_server.sql_server",
            "module.network.azurerm_subnet.backend",
            "module.network.azurerm_subnet.frontend",
            "module.network.azurerm_virtual_network.vnet",
            "module.rg.azurerm_resource_group.rg"
          ]
        }
      ]
    },
    {
      "module": "module.database",
      "mode": "managed",
      "type": "azurerm_mssql_server",
      "name": "sql_server",
      "provider": "provider[\"registry.terraform.io/hashicorp/azurerm\"]",
      "instances": [
        {
          "schema_version": 0,
          "attributes": {
            "administrator_login": "sqladmin",
            "administrator_login_password": "P@ssword123!",
            "azuread_administrator": [],
            "connection_policy": "Default",
            "fully_qualified_domain_name": "sql-server-app.database.windows.net",
            "id": "/subscriptions/e947b393-1d0f-4eb5-982d-d262872525ff/resourceGroups/app-rg1/providers/Microsoft.Sql/servers/sql-server-app",
            "identity": [],
            "location": "southeastasia",
            "minimum_tls_version": "1.2",
            "name": "sql-server-app",
            "outbound_network_restriction_enabled": false,
            "primary_user_assigned_identity_id": "",
            "public_network_access_enabled": true,
            "resource_group_name": "app-rg1",
            "restorable_dropped_database_ids": [],
            "tags": {},
            "timeouts": null,
            "transparent_data_encryption_key_vault_key_id": "",
            "version": "12.0"
          },
          "sensitive_attributes": [
            [
              {
                "type": "get_attr",
                "value": "administrator_login_password"
              }
            ]
          ],
          "private": "eyJlMmJmYjczMC1lY2FhLTExZTYtOGY4OC0zNDM2M2JjN2M0YzAiOnsiY3JlYXRlIjozNjAwMDAwMDAwMDAwLCJkZWxldGUiOjM2MDAwMDAwMDAwMDAsInJlYWQiOjMwMDAwMDAwMDAwMCwidXBkYXRlIjozNjAwMDAwMDAwMDAwfX0=",
          "dependencies": [
            "module.compute.azurerm_linux_virtual_machine.vm",
            "module.compute.azurerm_network_interface.nic",
            "module.compute.azurerm_network_interface_security_group_association.nic_nsg_assoc",
            "module.compute.azurerm_network_security_group.vm_nsg",
            "module.compute.azurerm_network_security_rule.ssh",
            "module.compute.azurerm_public_ip.pip",
            "module.network.azurerm_subnet.backend",
            "module.network.azurerm_subnet.frontend",
            "module.network.azurerm_virtual_network.vnet",
            "module.rg.azurerm_resource_group.rg"
          ]
        }
      ]
    },
    {
      "module": "module.network",
      "mode": "managed",
      "type": "azurerm_subnet",
      "name": "backend",
      "provider": "provider[\"registry.terraform.io/hashicorp/azurerm\"]",
      "instances": [
        {
          "schema_version": 0,
          "attributes": {
            "address_prefixes": [
              "10.0.2.0/24"
            ],
            "default_outbound_access_enabled": true,
            "delegation": [],
            "enforce_private_link_endpoint_network_policies": false,
            "enforce_private_link_service_network_policies": false,
            "id": "/subscriptions/e947b393-1d0f-4eb5-982d-d262872525ff/resourceGroups/app-rg1/providers/Microsoft.Network/virtualNetworks/three-tier-vnet/subnets/backend-subnet",
            "name": "backend-subnet",
            "private_endpoint_network_policies": "Enabled",
            "private_endpoint_network_policies_enabled": true,
            "private_link_service_network_policies_enabled": true,
            "resource_group_name": "app-rg1",
            "service_endpoint_policy_ids": [],
            "service_endpoints": [],
            "timeouts": null,
            "virtual_network_name": "three-tier-vnet"
          },
          "sensitive_attributes": [],
          "private": "eyJlMmJmYjczMC1lY2FhLTExZTYtOGY4OC0zNDM2M2JjN2M0YzAiOnsiY3JlYXRlIjoxODAwMDAwMDAwMDAwLCJkZWxldGUiOjE4MDAwMDAwMDAwMDAsInJlYWQiOjMwMDAwMDAwMDAwMCwidXBkYXRlIjoxODAwMDAwMDAwMDAwfX0=",
          "dependencies": [
            "module.network.azurerm_virtual_network.vnet",
            "module.rg.azurerm_resource_group.rg"
          ]
        }
      ]
    },
    {
      "module": "module.network",
      "mode": "managed",
      "type": "azurerm_subnet",
      "name": "frontend",
      "provider": "provider[\"registry.terraform.io/hashicorp/azurerm\"]",
      "instances": [
        {
          "schema_version": 0,
          "attributes": {
            "address_prefixes": [
              "10.0.1.0/24"
            ],
            "default_outbound_access_enabled": true,
            "delegation": [],
            "enforce_private_link_endpoint_network_policies": false,
            "enforce_private_link_service_network_policies": false,
            "id": "/subscriptions/e947b393-1d0f-4eb5-982d-d262872525ff/resourceGroups/app-rg1/providers/Microsoft.Network/virtualNetworks/three-tier-vnet/subnets/frontend-subnet",
            "name": "frontend-subnet",
            "private_endpoint_network_policies": "Enabled",
            "private_endpoint_network_policies_enabled": true,
            "private_link_service_network_policies_enabled": true,
            "resource_group_name": "app-rg1",
            "service_endpoint_policy_ids": [],
            "service_endpoints": [],
            "timeouts": null,
            "virtual_network_name": "three-tier-vnet"
          },
          "sensitive_attributes": [],
          "private": "eyJlMmJmYjczMC1lY2FhLTExZTYtOGY4OC0zNDM2M2JjN2M0YzAiOnsiY3JlYXRlIjoxODAwMDAwMDAwMDAwLCJkZWxldGUiOjE4MDAwMDAwMDAwMDAsInJlYWQiOjMwMDAwMDAwMDAwMCwidXBkYXRlIjoxODAwMDAwMDAwMDAwfX0=",
          "dependencies": [
            "module.network.azurerm_virtual_network.vnet",
            "module.rg.azurerm_resource_group.rg"
          ]
        }
      ]
    },
    {
      "module": "module.network",
      "mode": "managed",
      "type": "azurerm_virtual_network",
      "name": "vnet",
      "provider": "provider[\"registry.terraform.io/hashicorp/azurerm\"]",
      "instances": [
        {
          "schema_version": 0,
          "attributes": {
            "address_space": [
              "10.0.0.0/16"
            ],
            "bgp_community": "",
            "ddos_protection_plan": [],
            "dns_servers": [],
            "edge_zone": "",
            "encryption": [],
            "flow_timeout_in_minutes": 0,
            "guid": "326a4171-f0d1-469a-8ce3-4c0acf350c62",
            "id": "/subscriptions/e947b393-1d0f-4eb5-982d-d262872525ff/resourceGroups/app-rg1/providers/Microsoft.Network/virtualNetworks/three-tier-vnet",
            "location": "southeastasia",
            "name": "three-tier-vnet",
            "resource_group_name": "app-rg1",
            "subnet": [
              {
                "address_prefix": "10.0.1.0/24",
                "id": "/subscriptions/e947b393-1d0f-4eb5-982d-d262872525ff/resourceGroups/app-rg1/providers/Microsoft.Network/virtualNetworks/three-tier-vnet/subnets/frontend-subnet",
                "name": "frontend-subnet",
                "security_group": ""
              },
              {
                "address_prefix": "10.0.2.0/24",
                "id": "/subscriptions/e947b393-1d0f-4eb5-982d-d262872525ff/resourceGroups/app-rg1/providers/Microsoft.Network/virtualNetworks/three-tier-vnet/subnets/backend-subnet",
                "name": "backend-subnet",
                "security_group": ""
              }
            ],
            "tags": {},
            "timeouts": null
          },
          "sensitive_attributes": [],
          "private": "eyJlMmJmYjczMC1lY2FhLTExZTYtOGY4OC0zNDM2M2JjN2M0YzAiOnsiY3JlYXRlIjoxODAwMDAwMDAwMDAwLCJkZWxldGUiOjE4MDAwMDAwMDAwMDAsInJlYWQiOjMwMDAwMDAwMDAwMCwidXBkYXRlIjoxODAwMDAwMDAwMDAwfX0=",
          "dependencies": [
            "module.rg.azurerm_resource_group.rg"
          ]
        }
      ]
    },
    {
      "module": "module.rg",
      "mode": "managed",
      "type": "azurerm_resource_group",
      "name": "rg",
      "provider": "provider[\"registry.terraform.io/hashicorp/azurerm\"]",
      "instances": [
        {
          "schema_version": 0,
          "attributes": {
            "id": "/subscriptions/e947b393-1d0f-4eb5-982d-d262872525ff/resourceGroups/app-rg1",
            "location": "southeastasia",
            "managed_by": "",
            "name": "app-rg1",
            "tags": {},
            "timeouts": null
          },
          "sensitive_attributes": [],
          "private": "eyJlMmJmYjczMC1lY2FhLTExZTYtOGY4OC0zNDM2M2JjN2M0YzAiOnsiY3JlYXRlIjo1NDAwMDAwMDAwMDAwLCJkZWxldGUiOjU0MDAwMDAwMDAwMDAsInJlYWQiOjMwMDAwMDAwMDAwMCwidXBkYXRlIjo1NDAwMDAwMDAwMDAwfX0="
        }
      ]
    }
  ],
  "check_results": null
}
